
Microsoft Visual Studio Solution File, Format Version 11.00
# Visual Studio 2010
Project("{FAE04EC0-301F-11D3-BF4B-00C04F79EFBC}") = "Assembly-CSharp-firstpass", "Assembly-CSharp-firstpass.csproj", "{a770d260-4999-a920-090d-c0c32ffc8b8e}"
EndProject
Project("{FAE04EC0-301F-11D3-BF4B-00C04F79EFBC}") = "Assembly-CSharp", "Assembly-CSharp.csproj", "{f2f8b35e-f662-a5d4-4458-0187772a90f9}"
EndProject
Project("{FAE04EC0-301F-11D3-BF4B-00C04F79EFBC}") = "Assembly-CSharp-Editor", "Assembly-CSharp-Editor.csproj", "{835a3217-b033-8f70-ea78-069771dce170}"
EndProject
Global
	GlobalSection(SolutionConfigurationPlatforms) = preSolution
		Debug|Any CPU = Debug|Any CPU
	EndGlobalSection
	GlobalSection(ProjectConfigurationPlatforms) = postSolution
		{a770d260-4999-a920-090d-c0c32ffc8b8e}.Debug|Any CPU.ActiveCfg = Debug|Any CPU
		{a770d260-4999-a920-090d-c0c32ffc8b8e}.Debug|Any CPU.Build.0 = Debug|Any CPU
		{f2f8b35e-f662-a5d4-4458-0187772a90f9}.Debug|Any CPU.ActiveCfg = Debug|Any CPU
		{f2f8b35e-f662-a5d4-4458-0187772a90f9}.Debug|Any CPU.Build.0 = Debug|Any CPU
		{835a3217-b033-8f70-ea78-069771dce170}.Debug|Any CPU.ActiveCfg = Debug|Any CPU
		{835a3217-b033-8f70-ea78-069771dce170}.Debug|Any CPU.Build.0 = Debug|Any CPU
	EndGlobalSection
	GlobalSection(SolutionProperties) = preSolution
		HideSolutionNode = FALSE
	EndGlobalSection
EndGlobal
